
Microsoft Visual Studio Solution File, Format Version 12.00
# Visual Studio Version 17
VisualStudioVersion = 17.11.35222.181
MinimumVisualStudioVersion = 10.0.40219.1
Project("{FAE04EC0-301F-11D3-BF4B-00C04F79EFBC}") = "SQLMusicApp", "SQLMusicApp\SQLMusicApp.csproj", "{ED47A0A8-836E-4B70-A2B9-6C72491AF8A9}"
EndProject
Global
	GlobalSection(SolutionConfigurationPlatforms) = preSolution
		Debug|Any CPU = Debug|Any CPU
		Release|Any CPU = Release|Any CPU
	EndGlobalSection
	GlobalSection(ProjectConfigurationPlatforms) = postSolution
		{ED47A0A8-836E-4B70-A2B9-6C72491AF8A9}.Debug|Any CPU.ActiveCfg = Debug|Any CPU
		{ED47A0A8-836E-4B70-A2B9-6C72491AF8A9}.Debug|Any CPU.Build.0 = Debug|Any CPU
		{ED47A0A8-836E-4B70-A2B9-6C72491AF8A9}.Release|Any CPU.ActiveCfg = Release|Any CPU
		{ED47A0A8-836E-4B70-A2B9-6C72491AF8A9}.Release|Any CPU.Build.0 = Release|Any CPU
	EndGlobalSection
	GlobalSection(SolutionProperties) = preSolution
		HideSolutionNode = FALSE
	EndGlobalSection
	GlobalSection(ExtensibilityGlobals) = postSolution
		SolutionGuid = {571D4F14-44F2-4AFD-A194-72C3C28F5C41}
	EndGlobalSection
EndGlobal
